// !$*UTF8*$!
{
	archiveVersion = 1;
	classes = {
	};
	objectVersion = 50;
	objects = {

/* Begin PBXBuildFile section */
		773A9AE1245D8F0A000D24F0 /* AppDelegate.swift in Sources */ = {isa = PBXBuildFile; fileRef = 773A9AE0245D8F0A000D24F0 /* AppDelegate.swift */; };
		773A9AE3245D8F0A000D24F0 /* SceneDelegate.swift in Sources */ = {isa = PBXBuildFile; fileRef = 773A9AE2245D8F0A000D24F0 /* SceneDelegate.swift */; };
		773A9AE5245D8F0A000D24F0 /* ContentView.swift in Sources */ = {isa = PBXBuildFile; fileRef = 773A9AE4245D8F0A000D24F0 /* ContentView.swift */; };
		773A9AE7245D8F10000D24F0 /* Assets.xcassets in Resources */ = {isa = PBXBuildFile; fileRef = 773A9AE6245D8F10000D24F0 /* Assets.xcassets */; };
		773A9AEA245D8F10000D24F0 /* Preview Assets.xcassets in Resources */ = {isa = PBXBuildFile; fileRef = 773A9AE9245D8F10000D24F0 /* Preview Assets.xcassets */; };
		773A9AED245D8F10000D24F0 /* LaunchScreen.storyboard in Resources */ = {isa = PBXBuildFile; fileRef = 773A9AEB245D8F10000D24F0 /* LaunchScreen.storyboard */; };
		773A9AF5245D8F2F000D24F0 /* ImagePickerView.swift in Sources */ = {isa = PBXBuildFile; fileRef = 773A9AF4245D8F2F000D24F0 /* ImagePickerView.swift */; };
		77C029B8245D9CAD00197030 /* EditOptionsView.swift in Sources */ = {isa = PBXBuildFile; fileRef = 77C029B7245D9CAD00197030 /* EditOptionsView.swift */; };
/* End PBXBuildFile section */

/* Begin PBXFileReference section */
		773A9ADD245D8F0A000D24F0 /* iPhotoEditer.app */ = {isa = PBXFileReference; explicitFileType = wrapper.application; includeInIndex = 0; path = iPhotoEditer.app; sourceTree = BUILT_PRODUCTS_DIR; };
		773A9AE0245D8F0A000D24F0 /* AppDelegate.swift */ = {isa = PBXFileReference; lastKnownFileType = sourcecode.swift; path = AppDelegate.swift; sourceTree = "<group>"; };
		773A9AE2245D8F0A000D24F0 /* SceneDelegate.swift */ = {isa = PBXFileReference; lastKnownFileType = sourcecode.swift; path = SceneDelegate.swift; sourceTree = "<group>"; };
		773A9AE4245D8F0A000D24F0 /* ContentView.swift */ = {isa = PBXFileReference; lastKnownFileType = sourcecode.swift; path = ContentView.swift; sourceTree = "<group>"; };
		773A9AE6245D8F10000D24F0 /* Assets.xcassets */ = {isa = PBXFileReference; lastKnownFileType = folder.assetcatalog; path = Assets.xcassets; sourceTree = "<group>"; };
		773A9AE9245D8F10000D24F0 /* Preview Assets.xcassets */ = {isa = PBXFileReference; lastKnownFileType = folder.assetcatalog; path = "Preview Assets.xcassets"; sourceTree = "<group>"; };
		773A9AEC245D8F10000D24F0 /* Base */ = {isa = PBXFileReference; lastKnownFileType = file.storyboard; name = Base; path = Base.lproj/LaunchScreen.storyboard; sourceTree = "<group>"; };
		773A9AEE245D8F10000D24F0 /* Info.plist */ = {isa = PBXFileReference; lastKnownFileType = text.plist.xml; path = Info.plist; sourceTree = "<group>"; };
		773A9AF4245D8F2F000D24F0 /* ImagePickerView.swift */ = {isa = PBXFileReference; lastKnownFileType = sourcecode.swift; path = ImagePickerView.swift; sourceTree = "<group>"; };
		77C029B7245D9CAD00197030 /* EditOptionsView.swift */ = {isa = PBXFileReference; lastKnownFileType = sourcecode.swift; path = EditOptionsView.swift; sourceTree = "<group>"; };
/* End PBXFileReference section */

/* Begin PBXFrameworksBuildPhase section */
		773A9ADA245D8F0A000D24F0 /* Frameworks */ = {
			isa = PBXFrameworksBuildPhase;
			buildActionMask = 2147483647;
			files = (
			);
			runOnlyForDeploymentPostprocessing = 0;
		};
/* End PBXFrameworksBuildPhase section */

/* Begin PBXGroup section */
		773A9AD4245D8F0A000D24F0 = {
			isa = PBXGroup;
			children = (
				773A9ADF245D8F0A000D24F0 /* iPhotoEditer */,
				773A9ADE245D8F0A000D24F0 /* Products */,
			);
			sourceTree = "<group>";
		};
		773A9ADE245D8F0A000D24F0 /* Products */ = {
			isa = PBXGroup;
			children = (
				773A9ADD245D8F0A000D24F0 /* iPhotoEditer.app */,
			);
			name = Products;
			sourceTree = "<group>";
		};
		773A9ADF245D8F0A000D24F0 /* iPhotoEditer */ = {
			isa = PBXGroup;
			children = (
				773A9AE0245D8F0A000D24F0 /* AppDelegate.swift */,
				773A9AE2245D8F0A000D24F0 /* SceneDelegate.swift */,
				773A9AE4245D8F0A000D24F0 /* ContentView.swift */,
				77C029B7245D9CAD00197030 /* EditOptionsView.swift */,
				773A9AF4245D8F2F000D24F0 /* ImagePickerView.swift */,
				773A9AE6245D8F10000D24F0 /* Assets.xcassets */,
				773A9AEB245D8F10000D24F0 /* LaunchScreen.storyboard */,
				773A9AEE245D8F10000D24F0 /* Info.plist */,
				773A9AE8245D8F10000D24F0 /* Preview Content */,
			);
			path = iPhotoEditer;
			sourceTree = "<group>";
		};
		773A9AE8245D8F10000D24F0 /* Preview Content */ = {
			isa = PBXGroup;
			children = (
				773A9AE9245D8F10000D24F0 /* Preview Assets.xcassets */,
			);
			path = "Preview Content";
			sourceTree = "<group>";
		};
/* End PBXGroup section */

/* Begin PBXNativeTarget section */
		773A9ADC245D8F0A000D24F0 /* iPhotoEditer */ = {
			isa = PBXNativeTarget;
			buildConfigurationList = 773A9AF1245D8F10000D24F0 /* Build configuration list for PBXNativeTarget "iPhotoEditer" */;
			buildPhases = (
				773A9AD9245D8F0A000D24F0 /* Sources */,
				773A9ADA245D8F0A000D24F0 /* Frameworks */,
				773A9ADB245D8F0A000D24F0 /* Resources */,
			);
			buildRules = (
			);
			dependencies = (
			);
			name = iPhotoEditer;
			productName = iPhotoEditer;
			productReference = 773A9ADD245D8F0A000D24F0 /* iPhotoEditer.app */;
			productType = "com.apple.product-type.application";
		};
/* End PBXNativeTarget section */

/* Begin PBXProject section */
		773A9AD5245D8F0A000D24F0 /* Project object */ = {
			isa = PBXProject;
			attributes = {
				LastSwiftUpdateCheck = 1140;
				LastUpgradeCheck = 1140;
				ORGANIZATIONNAME = "Mallow Technologies Private Limited";
				TargetAttributes = {
					773A9ADC245D8F0A000D24F0 = {
						CreatedOnToolsVersion = 11.4.1;
					};
				};
			};
			buildConfigurationList = 773A9AD8245D8F0A000D24F0 /* Build configuration list for PBXProject "iPhotoEditer" */;
			compatibilityVersion = "Xcode 9.3";
			developmentRegion = en;
			hasScannedForEncodings = 0;
			knownRegions = (
				en,
				Base,
			);
			mainGroup = 773A9AD4245D8F0A000D24F0;
			productRefGroup = 773A9ADE245D8F0A000D24F0 /* Products */;
			projectDirPath = "";
			projectRoot = "";
			targets = (
				773A9ADC245D8F0A000D24F0 /* iPhotoEditer */,
			);
		};
/* End PBXProject section */

/* Begin PBXResourcesBuildPhase section */
		773A9ADB245D8F0A000D24F0 /* Resources */ = {
			isa = PBXResourcesBuildPhase;
			buildActionMask = 2147483647;
			files = (
				773A9AED245D8F10000D24F0 /* LaunchScreen.storyboard in Resources */,
				773A9AEA245D8F10000D24F0 /* Preview Assets.xcassets in Resources */,
				773A9AE7245D8F10000D24F0 /* Assets.xcassets in Resources */,
			);
			runOnlyForDeploymentPostprocessing = 0;
		};
/* End PBXResourcesBuildPhase section */

/* Begin PBXSourcesBuildPhase section */
		773A9AD9245D8F0A000D24F0 /* Sources */ = {
			isa = PBXSourcesBuildPhase;
			buildActionMask = 2147483647;
			files = (
				773A9AF5245D8F2F000D24F0 /* ImagePickerView.swift in Sources */,
				773A9AE1245D8F0A000D24F0 /* AppDelegate.swift in Sources */,
				77C029B8245D9CAD00197030 /* EditOptionsView.swift in Sources */,
				773A9AE3245D8F0A000D24F0 /* SceneDelegate.swift in Sources */,
				773A9AE5245D8F0A000D24F0 /* ContentView.swift in Sources */,
			);
			runOnlyForDeploymentPostprocessing = 0;
		};
/* End PBXSourcesBuildPhase section */

/* Begin PBXVariantGroup section */
		773A9AEB245D8F10000D24F0 /* LaunchScreen.storyboard */ = {
			isa = PBXVariantGroup;
			children = (
				773A9AEC245D8F10000D24F0 /* Base */,
			);
			name = LaunchScreen.storyboard;
			sourceTree = "<group>";
		};
/* End PBXVariantGroup section */

/* Begin XCBuildConfiguration section */
		773A9AEF245D8F10000D24F0 /* Debug */ = {
			isa = XCBuildConfiguration;
			buildSettings = {
				ALWAYS_SEARCH_USER_PATHS = NO;
				CLANG_ANALYZER_NONNULL = YES;
				CLANG_ANALYZER_NUMBER_OBJECT_CONVERSION = YES_AGGRESSIVE;
				CLANG_CXX_LANGUAGE_STANDARD = "gnu++14";
				CLANG_CXX_LIBRARY = "libc++";
				CLANG_ENABLE_MODULES = YES;
				CLANG_ENABLE_OBJC_ARC = YES;
				CLANG_ENABLE_OBJC_WEAK = YES;
				CLANG_WARN_BLOCK_CAPTURE_AUTORELEASING = YES;
				CLANG_WARN_BOOL_CONVERSION = YES;
				CLANG_WARN_COMMA = YES;
				CLANG_WARN_CONSTANT_CONVERSION = YES;
				CLANG_WARN_DEPRECATED_OBJC_IMPLEMENTATIONS = YES;
				CLANG_WARN_DIRECT_OBJC_ISA_USAGE = YES_ERROR;
				CLANG_WARN_DOCUMENTATION_COMMENTS = YES;
				CLANG_WARN_EMPTY_BODY = YES;
				CLANG_WARN_ENUM_CONVERSION = YES;
				CLANG_WARN_INFINITE_RECURSION = YES;
				CLANG_WARN_INT_CONVERSION = YES;
				CLANG_WARN_NON_LITERAL_NULL_CONVERSION = YES;
				CLANG_WARN_OBJC_IMPLICIT_RETAIN_SELF = YES;
				CLANG_WARN_OBJC_LITERAL_CONVERSION = YES;
				CLANG_WARN_OBJC_ROOT_CLASS = YES_ERROR;
				CLANG_WARN_RANGE_LOOP_ANALYSIS = YES;
				CLANG_WARN_STRICT_PROTOTYPES = YES;
				CLANG_WARN_SUSPICIOUS_MOVE = YES;
				CLANG_WARN_UNGUARDED_AVAILABILITY = YES_AGGRESSIVE;
				CLANG_WARN_UNREACHABLE_CODE = YES;
				CLANG_WARN__DUPLICATE_METHOD_MATCH = YES;
				COPY_PHASE_STRIP = NO;
				DEBUG_INFORMATION_FORMAT = dwarf;
				ENABLE_STRICT_OBJC_MSGSEND = YES;
				ENABLE_TESTABILITY = YES;
				GCC_C_LANGUAGE_STANDARD = gnu11;
				GCC_DYNAMIC_NO_PIC = NO;
				GCC_NO_COMMON_BLOCKS = YES;
				GCC_OPTIMIZATION_LEVEL = 0;
				GCC_PREPROCESSOR_DEFINITIONS = (
					"DEBUG=1",
					"$(inherited)",
				);
				GCC_WARN_64_TO_32_BIT_CONVERSION = YES;
				GCC_WARN_ABOUT_RETURN_TYPE = YES_ERROR;
				GCC_WARN_UNDECLARED_SELECTOR = YES;
				GCC_WARN_UNINITIALIZED_AUTOS = YES_AGGRESSIVE;
				GCC_WARN_UNUSED_FUNCTION = YES;
				GCC_WARN_UNUSED_VARIABLE = YES;
				IPHONEOS_DEPLOYMENT_TARGET = 13.4;
				MTL_ENABLE_DEBUG_INFO = INCLUDE_SOURCE;
				MTL_FAST_MATH = YES;
				ONLY_ACTIVE_ARCH = YES;
				SDKROOT = iphoneos;
				SWIFT_ACTIVE_COMPILATION_CONDITIONS = DEBUG;
				SWIFT_OPTIMIZATION_LEVEL = "-Onone";
			};
			name = Debug;
		};
		773A9AF0245D8F10000D24F0 /* Release */ = {
			isa = XCBuildConfiguration;
			buildSettings = {
				ALWAYS_SEARCH_USER_PATHS = NO;
				CLANG_ANALYZER_NONNULL = YES;
				CLANG_ANALYZER_NUMBER_OBJECT_CONVERSION = YES_AGGRESSIVE;
				CLANG_CXX_LANGUAGE_STANDARD = "gnu++14";
				CLANG_CXX_LIBRARY = "libc++";
				CLANG_ENABLE_MODULES = YES;
				CLANG_ENABLE_OBJC_ARC = YES;
				CLANG_ENABLE_OBJC_WEAK = YES;
				CLANG_WARN_BLOCK_CAPTURE_AUTORELEASING = YES;
				CLANG_WARN_BOOL_CONVERSION = YES;
				CLANG_WARN_COMMA = YES;
				CLANG_WARN_CONSTANT_CONVERSION = YES;
				CLANG_WARN_DEPRECATED_OBJC_IMPLEMENTATIONS = YES;
				CLANG_WARN_DIRECT_OBJC_ISA_USAGE = YES_ERROR;
				CLANG_WARN_DOCUMENTATION_COMMENTS = YES;
				CLANG_WARN_EMPTY_BODY = YES;
				CLANG_WARN_ENUM_CONVERSION = YES;
				CLANG_WARN_INFINITE_RECURSION = YES;
				CLANG_WARN_INT_CONVERSION = YES;
				CLANG_WARN_NON_LITERAL_NULL_CONVERSION = YES;
				CLANG_WARN_OBJC_IMPLICIT_RETAIN_SELF = YES;
				CLANG_WARN_OBJC_LITERAL_CONVERSION = YES;
				CLANG_WARN_OBJC_ROOT_CLASS = YES_ERROR;
				CLANG_WARN_RANGE_LOOP_ANALYSIS = YES;
				CLANG_WARN_STRICT_PROTOTYPES = YES;
				CLANG_WARN_SUSPICIOUS_MOVE = YES;
				CLANG_WARN_UNGUARDED_AVAILABILITY = YES_AGGRESSIVE;
				CLANG_WARN_UNREACHABLE_CODE = YES;
				CLANG_WARN__DUPLICATE_METHOD_MATCH = YES;
				COPY_PHASE_STRIP = NO;
				DEBUG_INFORMATION_FORMAT = "dwarf-with-dsym";
				ENABLE_NS_ASSERTIONS = NO;
				ENABLE_STRICT_OBJC_MSGSEND = YES;
				GCC_C_LANGUAGE_STANDARD = gnu11;
				GCC_NO_COMMON_BLOCKS = YES;
				GCC_WARN_64_TO_32_BIT_CONVERSION = YES;
				GCC_WARN_ABOUT_RETURN_TYPE = YES_ERROR;
				GCC_WARN_UNDECLARED_SELECTOR = YES;
				GCC_WARN_UNINITIALIZED_AUTOS = YES_AGGRESSIVE;
				GCC_WARN_UNUSED_FUNCTION = YES;
				GCC_WARN_UNUSED_VARIABLE = YES;
				IPHONEOS_DEPLOYMENT_TARGET = 13.4;
				MTL_ENABLE_DEBUG_INFO = NO;
				MTL_FAST_MATH = YES;
				SDKROOT = iphoneos;
				SWIFT_COMPILATION_MODE = wholemodule;
				SWIFT_OPTIMIZATION_LEVEL = "-O";
				VALIDATE_PRODUCT = YES;
			};
			name = Release;
		};
		773A9AF2245D8F10000D24F0 /* Debug */ = {
			isa = XCBuildConfiguration;
			buildSettings = {
				ASSETCATALOG_COMPILER_APPICON_NAME = AppIcon;
				CODE_SIGN_STYLE = Automatic;
				DEVELOPMENT_ASSET_PATHS = "\"iPhotoEditer/Preview Content\"";
				DEVELOPMENT_TEAM = S2C7F4L8G5;
				ENABLE_PREVIEWS = YES;
				INFOPLIST_FILE = iPhotoEditer/Info.plist;
				IPHONEOS_DEPLOYMENT_TARGET = 13.0;
				LD_RUNPATH_SEARCH_PATHS = (
					"$(inherited)",
					"@executable_path/Frameworks",
				);
				PRODUCT_BUNDLE_IDENTIFIER = com.swiftui.iPhotoEditer;
				PRODUCT_NAME = "$(TARGET_NAME)";
				SWIFT_VERSION = 5.0;
				TARGETED_DEVICE_FAMILY = "1,2";
			};
			name = Debug;
		};
		773A9AF3245D8F10000D24F0 /* Release */ = {
			isa = XCBuildConfiguration;
			buildSettings = {
				ASSETCATALOG_COMPILER_APPICON_NAME = AppIcon;
				CODE_SIGN_STYLE = Automatic;
				DEVELOPMENT_ASSET_PATHS = "\"iPhotoEditer/Preview Content\"";
				DEVELOPMENT_TEAM = S2C7F4L8G5;
				ENABLE_PREVIEWS = YES;
				INFOPLIST_FILE = iPhotoEditer/Info.plist;
				IPHONEOS_DEPLOYMENT_TARGET = 13.0;
				LD_RUNPATH_SEARCH_PATHS = (
					"$(inherited)",
					"@executable_path/Frameworks",
				);
				PRODUCT_BUNDLE_IDENTIFIER = com.swiftui.iPhotoEditer;
				PRODUCT_NAME = "$(TARGET_NAME)";
				SWIFT_VERSION = 5.0;
				TARGETED_DEVICE_FAMILY = "1,2";
			};
			name = Release;
		};
/* End XCBuildConfiguration section */

/* Begin XCConfigurationList section */
		773A9AD8245D8F0A000D24F0 /* Build configuration list for PBXProject "iPhotoEditer" */ = {
			isa = XCConfigurationList;
			buildConfigurations = (
				773A9AEF245D8F10000D24F0 /* Debug */,
				773A9AF0245D8F10000D24F0 /* Release */,
			);
			defaultConfigurationIsVisible = 0;
			defaultConfigurationName = Release;
		};
		773A9AF1245D8F10000D24F0 /* Build configuration list for PBXNativeTarget "iPhotoEditer" */ = {
			isa = XCConfigurationList;
			buildConfigurations = (
				773A9AF2245D8F10000D24F0 /* Debug */,
				773A9AF3245D8F10000D24F0 /* Release */,
			);
			defaultConfigurationIsVisible = 0;
			defaultConfigurationName = Release;
		};
/* End XCConfigurationList section */
	};
	rootObject = 773A9AD5245D8F0A000D24F0 /* Project object */;
}
